{
    "requires": true,
    "lockfileVersion": 1,
    "dependencies": {
        "jquery": {
            "version": "3.6.0",
            "resolved": "https://registry.npmjs.org/jquery/-/jquery-3.6.0.tgz",
            "integrity": "sha512-JVzAR/AjBvVt2BmYhxRCSYysDsPcssdmTFnzyLEts9qNwmjmu4JTAMYubEfwVOSwpQ1I1sKKFcxhZCI2buerfw=="
        },
        "slick-carousel": {
            "version": "1.8.1",
            "resolved": "https://registry.npmjs.org/slick-carousel/-/slick-carousel-1.8.1.tgz",
            "integrity": "sha512-XB9Ftrf2EEKfzoQXt3Nitrt/IPbT+f1fgqBdoxO3W/+JYvtEOW6EgxnWfr9GH6nmULv7Y2tPmEX3koxThVmebA=="
        },
        "vue-slick": {
            "version": "1.1.16",
            "resolved": "https://registry.npmjs.org/vue-slick/-/vue-slick-1.1.16.tgz",
            "integrity": "sha512-nHR4XKHfWSRnsJQG9kDCun8Mgj7UzR0JRzlcStCpLct3gPJl/WJ2hTEZUKZPuAh3J67c+AKQHM6jpQwqIiWbAg==",
            "requires": {
                "slick-carousel": "^1.8.1"
            }
        }
    }
}
